
Microsoft Visual Studio Solution File, Format Version 12.00
# Visual Studio 2013
VisualStudioVersion = 12.0.21005.1
MinimumVisualStudioVersion = 10.0.40219.1
Project("{FAE04EC0-301F-11D3-BF4B-00C04F79EFBC}") = "AspModel", "AspModel\AspModel.csproj", "{18448D1B-6924-4378-AAC9-8808B4DE92A5}"
EndProject
Project("{FAE04EC0-301F-11D3-BF4B-00C04F79EFBC}") = "CommonModules", "CommonModules\CommonModules.csproj", "{22FCD3B7-0021-4247-A1DF-AB1D38DC5ECF}"
EndProject
Global
	GlobalSection(SolutionConfigurationPlatforms) = preSolution
		Debug|Any CPU = Debug|Any CPU
		Release|Any CPU = Release|Any CPU
	EndGlobalSection
	GlobalSection(ProjectConfigurationPlatforms) = postSolution
		{18448D1B-6924-4378-AAC9-8808B4DE92A5}.Debug|Any CPU.ActiveCfg = Debug|Any CPU
		{18448D1B-6924-4378-AAC9-8808B4DE92A5}.Debug|Any CPU.Build.0 = Debug|Any CPU
		{18448D1B-6924-4378-AAC9-8808B4DE92A5}.Release|Any CPU.ActiveCfg = Release|Any CPU
		{18448D1B-6924-4378-AAC9-8808B4DE92A5}.Release|Any CPU.Build.0 = Release|Any CPU
		{22FCD3B7-0021-4247-A1DF-AB1D38DC5ECF}.Debug|Any CPU.ActiveCfg = Debug|Any CPU
		{22FCD3B7-0021-4247-A1DF-AB1D38DC5ECF}.Debug|Any CPU.Build.0 = Debug|Any CPU
		{22FCD3B7-0021-4247-A1DF-AB1D38DC5ECF}.Release|Any CPU.ActiveCfg = Release|Any CPU
		{22FCD3B7-0021-4247-A1DF-AB1D38DC5ECF}.Release|Any CPU.Build.0 = Release|Any CPU
	EndGlobalSection
	GlobalSection(SolutionProperties) = preSolution
		HideSolutionNode = FALSE
	EndGlobalSection
EndGlobal
